// !$*UTF8*$!
{
	archiveVersion = 1;
	classes = {
	};
	objectVersion = 48;
	objects = {

/* Begin PBXBuildFile section */
		6661B44A200C962500D0D958 /* AppDelegate.m in Sources */ = {isa = PBXBuildFile; fileRef = 6661B449200C962500D0D958 /* AppDelegate.m */; };
		6661B44D200C962500D0D958 /* ViewController.m in Sources */ = {isa = PBXBuildFile; fileRef = 6661B44C200C962500D0D958 /* ViewController.m */; };
		6661B450200C962500D0D958 /* Main.storyboard in Resources */ = {isa = PBXBuildFile; fileRef = 6661B44E200C962500D0D958 /* Main.storyboard */; };
		6661B452200C962500D0D958 /* Assets.xcassets in Resources */ = {isa = PBXBuildFile; fileRef = 6661B451200C962500D0D958 /* Assets.xcassets */; };
		6661B455200C962500D0D958 /* LaunchScreen.storyboard in Resources */ = {isa = PBXBuildFile; fileRef = 6661B453200C962500D0D958 /* LaunchScreen.storyboard */; };
		6661B458200C962500D0D958 /* main.m in Sources */ = {isa = PBXBuildFile; fileRef = 6661B457200C962500D0D958 /* main.m */; };
		6661B462200C962500D0D958 /* RNtoolTests.m in Sources */ = {isa = PBXBuildFile; fileRef = 6661B461200C962500D0D958 /* RNtoolTests.m */; };
		6661B46D200C962500D0D958 /* RNtoolUITests.m in Sources */ = {isa = PBXBuildFile; fileRef = 6661B46C200C962500D0D958 /* RNtoolUITests.m */; };
		6661B47B200C963A00D0D958 /* 18010801 in Resources */ = {isa = PBXBuildFile; fileRef = 6661B47A200C963A00D0D958 /* 18010801 */; };
		6661B47D200C965000D0D958 /* 18010802 in Resources */ = {isa = PBXBuildFile; fileRef = 6661B47C200C965000D0D958 /* 18010802 */; };
		6661B480200C9A1C00D0D958 /* NSString+WZXSSLTool.m in Sources */ = {isa = PBXBuildFile; fileRef = 6661B47E200C9A1C00D0D958 /* NSString+WZXSSLTool.m */; };
		6661B4B5200DEC5900D0D958 /* 18010800 in Resources */ = {isa = PBXBuildFile; fileRef = 6661B4B4200DEC5900D0D958 /* 18010800 */; };
		6661B4B7200DEC6200D0D958 /* WHCFileManager.m in Sources */ = {isa = PBXBuildFile; fileRef = 6661B4B6200DEC6200D0D958 /* WHCFileManager.m */; };
		6661B4D9200DF3D200D0D958 /* 18010700 in Resources */ = {isa = PBXBuildFile; fileRef = 6661B4D8200DF3D200D0D958 /* 18010700 */; };
		FC83A63CFD6ABE7163995FB2 /* libPods-RNtool.a in Frameworks */ = {isa = PBXBuildFile; fileRef = A0202E660240436B22EE25F0 /* libPods-RNtool.a */; };
/* End PBXBuildFile section */

/* Begin PBXContainerItemProxy section */
		6661B45E200C962500D0D958 /* PBXContainerItemProxy */ = {
			isa = PBXContainerItemProxy;
			containerPortal = 6661B43D200C962500D0D958 /* Project object */;
			proxyType = 1;
			remoteGlobalIDString = 6661B444200C962500D0D958;
			remoteInfo = RNtool;
		};
		6661B469200C962500D0D958 /* PBXContainerItemProxy */ = {
			isa = PBXContainerItemProxy;
			containerPortal = 6661B43D200C962500D0D958 /* Project object */;
			proxyType = 1;
			remoteGlobalIDString = 6661B444200C962500D0D958;
			remoteInfo = RNtool;
		};
/* End PBXContainerItemProxy section */

/* Begin PBXFileReference section */
		22D73BD7D1D2A5516EFB7940 /* Pods-RNtool.release.xcconfig */ = {isa = PBXFileReference; includeInIndex = 1; lastKnownFileType = text.xcconfig; name = "Pods-RNtool.release.xcconfig"; path = "Pods/Target Support Files/Pods-RNtool/Pods-RNtool.release.xcconfig"; sourceTree = "<group>"; };
		6661B445200C962500D0D958 /* RNtool.app */ = {isa = PBXFileReference; explicitFileType = wrapper.application; includeInIndex = 0; path = RNtool.app; sourceTree = BUILT_PRODUCTS_DIR; };
		6661B448200C962500D0D958 /* AppDelegate.h */ = {isa = PBXFileReference; lastKnownFileType = sourcecode.c.h; path = AppDelegate.h; sourceTree = "<group>"; };
		6661B449200C962500D0D958 /* AppDelegate.m */ = {isa = PBXFileReference; lastKnownFileType = sourcecode.c.objc; path = AppDelegate.m; sourceTree = "<group>"; };
		6661B44B200C962500D0D958 /* ViewController.h */ = {isa = PBXFileReference; lastKnownFileType = sourcecode.c.h; path = ViewController.h; sourceTree = "<group>"; };
		6661B44C200C962500D0D958 /* ViewController.m */ = {isa = PBXFileReference; lastKnownFileType = sourcecode.c.objc; path = ViewController.m; sourceTree = "<group>"; };
		6661B44F200C962500D0D958 /* Base */ = {isa = PBXFileReference; lastKnownFileType = file.storyboard; name = Base; path = Base.lproj/Main.storyboard; sourceTree = "<group>"; };
		6661B451200C962500D0D958 /* Assets.xcassets */ = {isa = PBXFileReference; lastKnownFileType = folder.assetcatalog; path = Assets.xcassets; sourceTree = "<group>"; };
		6661B454200C962500D0D958 /* Base */ = {isa = PBXFileReference; lastKnownFileType = file.storyboard; name = Base; path = Base.lproj/LaunchScreen.storyboard; sourceTree = "<group>"; };
		6661B456200C962500D0D958 /* Info.plist */ = {isa = PBXFileReference; lastKnownFileType = text.plist.xml; path = Info.plist; sourceTree = "<group>"; };
		6661B457200C962500D0D958 /* main.m */ = {isa = PBXFileReference; lastKnownFileType = sourcecode.c.objc; path = main.m; sourceTree = "<group>"; };
		6661B45D200C962500D0D958 /* RNtoolTests.xctest */ = {isa = PBXFileReference; explicitFileType = wrapper.cfbundle; includeInIndex = 0; path = RNtoolTests.xctest; sourceTree = BUILT_PRODUCTS_DIR; };
		6661B461200C962500D0D958 /* RNtoolTests.m */ = {isa = PBXFileReference; lastKnownFileType = sourcecode.c.objc; path = RNtoolTests.m; sourceTree = "<group>"; };
		6661B463200C962500D0D958 /* Info.plist */ = {isa = PBXFileReference; lastKnownFileType = text.plist.xml; path = Info.plist; sourceTree = "<group>"; };
		6661B468200C962500D0D958 /* RNtoolUITests.xctest */ = {isa = PBXFileReference; explicitFileType = wrapper.cfbundle; includeInIndex = 0; path = RNtoolUITests.xctest; sourceTree = BUILT_PRODUCTS_DIR; };
		6661B46C200C962500D0D958 /* RNtoolUITests.m */ = {isa = PBXFileReference; lastKnownFileType = sourcecode.c.objc; path = RNtoolUITests.m; sourceTree = "<group>"; };
		6661B46E200C962500D0D958 /* Info.plist */ = {isa = PBXFileReference; lastKnownFileType = text.plist.xml; path = Info.plist; sourceTree = "<group>"; };
		6661B47A200C963A00D0D958 /* 18010801 */ = {isa = PBXFileReference; lastKnownFileType = folder; path = 18010801; sourceTree = "<group>"; };
		6661B47C200C965000D0D958 /* 18010802 */ = {isa = PBXFileReference; lastKnownFileType = folder; path = 18010802; sourceTree = "<group>"; };
		6661B47E200C9A1C00D0D958 /* NSString+WZXSSLTool.m */ = {isa = PBXFileReference; fileEncoding = 4; lastKnownFileType = sourcecode.c.objc; path = "NSString+WZXSSLTool.m"; sourceTree = "<group>"; };
		6661B47F200C9A1C00D0D958 /* NSString+WZXSSLTool.h */ = {isa = PBXFileReference; fileEncoding = 4; lastKnownFileType = sourcecode.c.h; path = "NSString+WZXSSLTool.h"; sourceTree = "<group>"; };
		6661B482200CA42500D0D958 /* WHCFileManager.h */ = {isa = PBXFileReference; fileEncoding = 4; lastKnownFileType = sourcecode.c.h; path = WHCFileManager.h; sourceTree = "<group>"; };
		6661B4B4200DEC5900D0D958 /* 18010800 */ = {isa = PBXFileReference; lastKnownFileType = folder; path = 18010800; sourceTree = "<group>"; };
		6661B4B6200DEC6200D0D958 /* WHCFileManager.m */ = {isa = PBXFileReference; lastKnownFileType = sourcecode.c.objc; path = WHCFileManager.m; sourceTree = "<group>"; };
		6661B4D8200DF3D200D0D958 /* 18010700 */ = {isa = PBXFileReference; lastKnownFileType = folder; path = 18010700; sourceTree = "<group>"; };
		A0202E660240436B22EE25F0 /* libPods-RNtool.a */ = {isa = PBXFileReference; explicitFileType = archive.ar; includeInIndex = 0; path = "libPods-RNtool.a"; sourceTree = BUILT_PRODUCTS_DIR; };
		E7853775D9DA09CEF6DBE3D1 /* Pods-RNtool.debug.xcconfig */ = {isa = PBXFileReference; includeInIndex = 1; lastKnownFileType = text.xcconfig; name = "Pods-RNtool.debug.xcconfig"; path = "Pods/Target Support Files/Pods-RNtool/Pods-RNtool.debug.xcconfig"; sourceTree = "<group>"; };
/* End PBXFileReference section */

/* Begin PBXFrameworksBuildPhase section */
		6661B442200C962500D0D958 /* Frameworks */ = {
			isa = PBXFrameworksBuildPhase;
			buildActionMask = 2147483647;
			files = (
				FC83A63CFD6ABE7163995FB2 /* libPods-RNtool.a in Frameworks */,
			);
			runOnlyForDeploymentPostprocessing = 0;
		};
		6661B45A200C962500D0D958 /* Frameworks */ = {
			isa = PBXFrameworksBuildPhase;
			buildActionMask = 2147483647;
			files = (
			);
			runOnlyForDeploymentPostprocessing = 0;
		};
		6661B465200C962500D0D958 /* Frameworks */ = {
			isa = PBXFrameworksBuildPhase;
			buildActionMask = 2147483647;
			files = (
			);
			runOnlyForDeploymentPostprocessing = 0;
		};
/* End PBXFrameworksBuildPhase section */

/* Begin PBXGroup section */
		6661B43C200C962500D0D958 = {
			isa = PBXGroup;
			children = (
				6661B447200C962500D0D958 /* RNtool */,
				6661B460200C962500D0D958 /* RNtoolTests */,
				6661B46B200C962500D0D958 /* RNtoolUITests */,
				6661B446200C962500D0D958 /* Products */,
				B9CB8FFD860EA4D77DDD3992 /* Pods */,
				76140F045E207BA96B1C8AB6 /* Frameworks */,
			);
			sourceTree = "<group>";
		};
		6661B446200C962500D0D958 /* Products */ = {
			isa = PBXGroup;
			children = (
				6661B445200C962500D0D958 /* RNtool.app */,
				6661B45D200C962500D0D958 /* RNtoolTests.xctest */,
				6661B468200C962500D0D958 /* RNtoolUITests.xctest */,
			);
			name = Products;
			sourceTree = "<group>";
		};
		6661B447200C962500D0D958 /* RNtool */ = {
			isa = PBXGroup;
			children = (
				6661B4D8200DF3D200D0D958 /* 18010700 */,
				6661B4B4200DEC5900D0D958 /* 18010800 */,
				6661B47C200C965000D0D958 /* 18010802 */,
				6661B47A200C963A00D0D958 /* 18010801 */,
				6661B4B6200DEC6200D0D958 /* WHCFileManager.m */,
				6661B482200CA42500D0D958 /* WHCFileManager.h */,
				6661B47E200C9A1C00D0D958 /* NSString+WZXSSLTool.m */,
				6661B47F200C9A1C00D0D958 /* NSString+WZXSSLTool.h */,
				6661B448200C962500D0D958 /* AppDelegate.h */,
				6661B449200C962500D0D958 /* AppDelegate.m */,
				6661B44B200C962500D0D958 /* ViewController.h */,
				6661B44C200C962500D0D958 /* ViewController.m */,
				6661B44E200C962500D0D958 /* Main.storyboard */,
				6661B451200C962500D0D958 /* Assets.xcassets */,
				6661B453200C962500D0D958 /* LaunchScreen.storyboard */,
				6661B456200C962500D0D958 /* Info.plist */,
				6661B457200C962500D0D958 /* main.m */,
			);
			path = RNtool;
			sourceTree = "<group>";
		};
		6661B460200C962500D0D958 /* RNtoolTests */ = {
			isa = PBXGroup;
			children = (
				6661B461200C962500D0D958 /* RNtoolTests.m */,
				6661B463200C962500D0D958 /* Info.plist */,
			);
			path = RNtoolTests;
			sourceTree = "<group>";
		};
		6661B46B200C962500D0D958 /* RNtoolUITests */ = {
			isa = PBXGroup;
			children = (
				6661B46C200C962500D0D958 /* RNtoolUITests.m */,
				6661B46E200C962500D0D958 /* Info.plist */,
			);
			path = RNtoolUITests;
			sourceTree = "<group>";
		};
		76140F045E207BA96B1C8AB6 /* Frameworks */ = {
			isa = PBXGroup;
			children = (
				A0202E660240436B22EE25F0 /* libPods-RNtool.a */,
			);
			name = Frameworks;
			sourceTree = "<group>";
		};
		B9CB8FFD860EA4D77DDD3992 /* Pods */ = {
			isa = PBXGroup;
			children = (
				E7853775D9DA09CEF6DBE3D1 /* Pods-RNtool.debug.xcconfig */,
				22D73BD7D1D2A5516EFB7940 /* Pods-RNtool.release.xcconfig */,
			);
			name = Pods;
			sourceTree = "<group>";
		};
/* End PBXGroup section */

/* Begin PBXNativeTarget section */
		6661B444200C962500D0D958 /* RNtool */ = {
			isa = PBXNativeTarget;
			buildConfigurationList = 6661B471200C962500D0D958 /* Build configuration list for PBXNativeTarget "RNtool" */;
			buildPhases = (
				02E96E168BB8B0FA4824E60A /* [CP] Check Pods Manifest.lock */,
				6661B441200C962500D0D958 /* Sources */,
				6661B442200C962500D0D958 /* Frameworks */,
				6661B443200C962500D0D958 /* Resources */,
				A4DAB0F09B751C2C97D8BA24 /* [CP] Embed Pods Frameworks */,
				F505AFDC55363A4B5F070162 /* [CP] Copy Pods Resources */,
			);
			buildRules = (
			);
			dependencies = (
			);
			name = RNtool;
			productName = RNtool;
			productReference = 6661B445200C962500D0D958 /* RNtool.app */;
			productType = "com.apple.product-type.application";
		};
		6661B45C200C962500D0D958 /* RNtoolTests */ = {
			isa = PBXNativeTarget;
			buildConfigurationList = 6661B474200C962500D0D958 /* Build configuration list for PBXNativeTarget "RNtoolTests" */;
			buildPhases = (
				6661B459200C962500D0D958 /* Sources */,
				6661B45A200C962500D0D958 /* Frameworks */,
				6661B45B200C962500D0D958 /* Resources */,
			);
			buildRules = (
			);
			dependencies = (
				6661B45F200C962500D0D958 /* PBXTargetDependency */,
			);
			name = RNtoolTests;
			productName = RNtoolTests;
			productReference = 6661B45D200C962500D0D958 /* RNtoolTests.xctest */;
			productType = "com.apple.product-type.bundle.unit-test";
		};
		6661B467200C962500D0D958 /* RNtoolUITests */ = {
			isa = PBXNativeTarget;
			buildConfigurationList = 6661B477200C962500D0D958 /* Build configuration list for PBXNativeTarget "RNtoolUITests" */;
			buildPhases = (
				6661B464200C962500D0D958 /* Sources */,
				6661B465200C962500D0D958 /* Frameworks */,
				6661B466200C962500D0D958 /* Resources */,
			);
			buildRules = (
			);
			dependencies = (
				6661B46A200C962500D0D958 /* PBXTargetDependency */,
			);
			name = RNtoolUITests;
			productName = RNtoolUITests;
			productReference = 6661B468200C962500D0D958 /* RNtoolUITests.xctest */;
			productType = "com.apple.product-type.bundle.ui-testing";
		};
/* End PBXNativeTarget section */

/* Begin PBXProject section */
		6661B43D200C962500D0D958 /* Project object */ = {
			isa = PBXProject;
			attributes = {
				LastUpgradeCheck = 0920;
				ORGANIZATIONNAME = "余浩";
				TargetAttributes = {
					6661B444200C962500D0D958 = {
						CreatedOnToolsVersion = 9.2;
						ProvisioningStyle = Automatic;
					};
					6661B45C200C962500D0D958 = {
						CreatedOnToolsVersion = 9.2;
						ProvisioningStyle = Automatic;
						TestTargetID = 6661B444200C962500D0D958;
					};
					6661B467200C962500D0D958 = {
						CreatedOnToolsVersion = 9.2;
						ProvisioningStyle = Automatic;
						TestTargetID = 6661B444200C962500D0D958;
					};
				};
			};
			buildConfigurationList = 6661B440200C962500D0D958 /* Build configuration list for PBXProject "RNtool" */;
			compatibilityVersion = "Xcode 8.0";
			developmentRegion = en;
			hasScannedForEncodings = 0;
			knownRegions = (
				en,
				Base,
			);
			mainGroup = 6661B43C200C962500D0D958;
			productRefGroup = 6661B446200C962500D0D958 /* Products */;
			projectDirPath = "";
			projectRoot = "";
			targets = (
				6661B444200C962500D0D958 /* RNtool */,
				6661B45C200C962500D0D958 /* RNtoolTests */,
				6661B467200C962500D0D958 /* RNtoolUITests */,
			);
		};
/* End PBXProject section */

/* Begin PBXResourcesBuildPhase section */
		6661B443200C962500D0D958 /* Resources */ = {
			isa = PBXResourcesBuildPhase;
			buildActionMask = 2147483647;
			files = (
				6661B4B5200DEC5900D0D958 /* 18010800 in Resources */,
				6661B455200C962500D0D958 /* LaunchScreen.storyboard in Resources */,
				6661B4D9200DF3D200D0D958 /* 18010700 in Resources */,
				6661B452200C962500D0D958 /* Assets.xcassets in Resources */,
				6661B47D200C965000D0D958 /* 18010802 in Resources */,
				6661B450200C962500D0D958 /* Main.storyboard in Resources */,
				6661B47B200C963A00D0D958 /* 18010801 in Resources */,
			);
			runOnlyForDeploymentPostprocessing = 0;
		};
		6661B45B200C962500D0D958 /* Resources */ = {
			isa = PBXResourcesBuildPhase;
			buildActionMask = 2147483647;
			files = (
			);
			runOnlyForDeploymentPostprocessing = 0;
		};
		6661B466200C962500D0D958 /* Resources */ = {
			isa = PBXResourcesBuildPhase;
			buildActionMask = 2147483647;
			files = (
			);
			runOnlyForDeploymentPostprocessing = 0;
		};
/* End PBXResourcesBuildPhase section */

/* Begin PBXShellScriptBuildPhase section */
		02E96E168BB8B0FA4824E60A /* [CP] Check Pods Manifest.lock */ = {
			isa = PBXShellScriptBuildPhase;
			buildActionMask = 2147483647;
			files = (
			);
			inputPaths = (
				"${PODS_PODFILE_DIR_PATH}/Podfile.lock",
				"${PODS_ROOT}/Manifest.lock",
			);
			name = "[CP] Check Pods Manifest.lock";
			outputPaths = (
				"$(DERIVED_FILE_DIR)/Pods-RNtool-checkManifestLockResult.txt",
			);
			runOnlyForDeploymentPostprocessing = 0;
			shellPath = /bin/sh;
			shellScript = "diff \"${PODS_PODFILE_DIR_PATH}/Podfile.lock\" \"${PODS_ROOT}/Manifest.lock\" > /dev/null\nif [ $? != 0 ] ; then\n    # print error to STDERR\n    echo \"error: The sandbox is not in sync with the Podfile.lock. Run 'pod install' or update your CocoaPods installation.\" >&2\n    exit 1\nfi\n# This output is used by Xcode 'outputs' to avoid re-running this script phase.\necho \"SUCCESS\" > \"${SCRIPT_OUTPUT_FILE_0}\"\n";
			showEnvVarsInLog = 0;
		};
		A4DAB0F09B751C2C97D8BA24 /* [CP] Embed Pods Frameworks */ = {
			isa = PBXShellScriptBuildPhase;
			buildActionMask = 2147483647;
			files = (
			);
			inputPaths = (
			);
			name = "[CP] Embed Pods Frameworks";
			outputPaths = (
			);
			runOnlyForDeploymentPostprocessing = 0;
			shellPath = /bin/sh;
			shellScript = "\"${SRCROOT}/Pods/Target Support Files/Pods-RNtool/Pods-RNtool-frameworks.sh\"\n";
			showEnvVarsInLog = 0;
		};
		F505AFDC55363A4B5F070162 /* [CP] Copy Pods Resources */ = {
			isa = PBXShellScriptBuildPhase;
			buildActionMask = 2147483647;
			files = (
			);
			inputPaths = (
			);
			name = "[CP] Copy Pods Resources";
			outputPaths = (
			);
			runOnlyForDeploymentPostprocessing = 0;
			shellPath = /bin/sh;
			shellScript = "\"${SRCROOT}/Pods/Target Support Files/Pods-RNtool/Pods-RNtool-resources.sh\"\n";
			showEnvVarsInLog = 0;
		};
/* End PBXShellScriptBuildPhase section */

/* Begin PBXSourcesBuildPhase section */
		6661B441200C962500D0D958 /* Sources */ = {
			isa = PBXSourcesBuildPhase;
			buildActionMask = 2147483647;
			files = (
				6661B480200C9A1C00D0D958 /* NSString+WZXSSLTool.m in Sources */,
				6661B44D200C962500D0D958 /* ViewController.m in Sources */,
				6661B458200C962500D0D958 /* main.m in Sources */,
				6661B44A200C962500D0D958 /* AppDelegate.m in Sources */,
				6661B4B7200DEC6200D0D958 /* WHCFileManager.m in Sources */,
			);
			runOnlyForDeploymentPostprocessing = 0;
		};
		6661B459200C962500D0D958 /* Sources */ = {
			isa = PBXSourcesBuildPhase;
			buildActionMask = 2147483647;
			files = (
				6661B462200C962500D0D958 /* RNtoolTests.m in Sources */,
			);
			runOnlyForDeploymentPostprocessing = 0;
		};
		6661B464200C962500D0D958 /* Sources */ = {
			isa = PBXSourcesBuildPhase;
			buildActionMask = 2147483647;
			files = (
				6661B46D200C962500D0D958 /* RNtoolUITests.m in Sources */,
			);
			runOnlyForDeploymentPostprocessing = 0;
		};
/* End PBXSourcesBuildPhase section */

/* Begin PBXTargetDependency section */
		6661B45F200C962500D0D958 /* PBXTargetDependency */ = {
			isa = PBXTargetDependency;
			target = 6661B444200C962500D0D958 /* RNtool */;
			targetProxy = 6661B45E200C962500D0D958 /* PBXContainerItemProxy */;
		};
		6661B46A200C962500D0D958 /* PBXTargetDependency */ = {
			isa = PBXTargetDependency;
			target = 6661B444200C962500D0D958 /* RNtool */;
			targetProxy = 6661B469200C962500D0D958 /* PBXContainerItemProxy */;
		};
/* End PBXTargetDependency section */

/* Begin PBXVariantGroup section */
		6661B44E200C962500D0D958 /* Main.storyboard */ = {
			isa = PBXVariantGroup;
			children = (
				6661B44F200C962500D0D958 /* Base */,
			);
			name = Main.storyboard;
			sourceTree = "<group>";
		};
		6661B453200C962500D0D958 /* LaunchScreen.storyboard */ = {
			isa = PBXVariantGroup;
			children = (
				6661B454200C962500D0D958 /* Base */,
			);
			name = LaunchScreen.storyboard;
			sourceTree = "<group>";
		};
/* End PBXVariantGroup section */

/* Begin XCBuildConfiguration section */
		6661B46F200C962500D0D958 /* Debug */ = {
			isa = XCBuildConfiguration;
			buildSettings = {
				ALWAYS_SEARCH_USER_PATHS = NO;
				CLANG_ANALYZER_NONNULL = YES;
				CLANG_ANALYZER_NUMBER_OBJECT_CONVERSION = YES_AGGRESSIVE;
				CLANG_CXX_LANGUAGE_STANDARD = "gnu++14";
				CLANG_CXX_LIBRARY = "libc++";
				CLANG_ENABLE_MODULES = YES;
				CLANG_ENABLE_OBJC_ARC = YES;
				CLANG_WARN_BLOCK_CAPTURE_AUTORELEASING = YES;
				CLANG_WARN_BOOL_CONVERSION = YES;
				CLANG_WARN_COMMA = YES;
				CLANG_WARN_CONSTANT_CONVERSION = YES;
				CLANG_WARN_DIRECT_OBJC_ISA_USAGE = YES_ERROR;
				CLANG_WARN_DOCUMENTATION_COMMENTS = YES;
				CLANG_WARN_EMPTY_BODY = YES;
				CLANG_WARN_ENUM_CONVERSION = YES;
				CLANG_WARN_INFINITE_RECURSION = YES;
				CLANG_WARN_INT_CONVERSION = YES;
				CLANG_WARN_NON_LITERAL_NULL_CONVERSION = YES;
				CLANG_WARN_OBJC_LITERAL_CONVERSION = YES;
				CLANG_WARN_OBJC_ROOT_CLASS = YES_ERROR;
				CLANG_WARN_RANGE_LOOP_ANALYSIS = YES;
				CLANG_WARN_STRICT_PROTOTYPES = YES;
				CLANG_WARN_SUSPICIOUS_MOVE = YES;
				CLANG_WARN_UNGUARDED_AVAILABILITY = YES_AGGRESSIVE;
				CLANG_WARN_UNREACHABLE_CODE = YES;
				CLANG_WARN__DUPLICATE_METHOD_MATCH = YES;
				CODE_SIGN_IDENTITY = "iPhone Developer";
				COPY_PHASE_STRIP = NO;
				DEBUG_INFORMATION_FORMAT = dwarf;
				ENABLE_STRICT_OBJC_MSGSEND = YES;
				ENABLE_TESTABILITY = YES;
				GCC_C_LANGUAGE_STANDARD = gnu11;
				GCC_DYNAMIC_NO_PIC = NO;
				GCC_NO_COMMON_BLOCKS = YES;
				GCC_OPTIMIZATION_LEVEL = 0;
				GCC_PREPROCESSOR_DEFINITIONS = (
					"DEBUG=1",
					"$(inherited)",
				);
				GCC_WARN_64_TO_32_BIT_CONVERSION = YES;
				GCC_WARN_ABOUT_RETURN_TYPE = YES_ERROR;
				GCC_WARN_UNDECLARED_SELECTOR = YES;
				GCC_WARN_UNINITIALIZED_AUTOS = YES_AGGRESSIVE;
				GCC_WARN_UNUSED_FUNCTION = YES;
				GCC_WARN_UNUSED_VARIABLE = YES;
				IPHONEOS_DEPLOYMENT_TARGET = 11.2;
				MTL_ENABLE_DEBUG_INFO = YES;
				ONLY_ACTIVE_ARCH = YES;
				SDKROOT = iphoneos;
			};
			name = Debug;
		};
		6661B470200C962500D0D958 /* Release */ = {
			isa = XCBuildConfiguration;
			buildSettings = {
				ALWAYS_SEARCH_USER_PATHS = NO;
				CLANG_ANALYZER_NONNULL = YES;
				CLANG_ANALYZER_NUMBER_OBJECT_CONVERSION = YES_AGGRESSIVE;
				CLANG_CXX_LANGUAGE_STANDARD = "gnu++14";
				CLANG_CXX_LIBRARY = "libc++";
				CLANG_ENABLE_MODULES = YES;
				CLANG_ENABLE_OBJC_ARC = YES;
				CLANG_WARN_BLOCK_CAPTURE_AUTORELEASING = YES;
				CLANG_WARN_BOOL_CONVERSION = YES;
				CLANG_WARN_COMMA = YES;
				CLANG_WARN_CONSTANT_CONVERSION = YES;
				CLANG_WARN_DIRECT_OBJC_ISA_USAGE = YES_ERROR;
				CLANG_WARN_DOCUMENTATION_COMMENTS = YES;
				CLANG_WARN_EMPTY_BODY = YES;
				CLANG_WARN_ENUM_CONVERSION = YES;
				CLANG_WARN_INFINITE_RECURSION = YES;
				CLANG_WARN_INT_CONVERSION = YES;
				CLANG_WARN_NON_LITERAL_NULL_CONVERSION = YES;
				CLANG_WARN_OBJC_LITERAL_CONVERSION = YES;
				CLANG_WARN_OBJC_ROOT_CLASS = YES_ERROR;
				CLANG_WARN_RANGE_LOOP_ANALYSIS = YES;
				CLANG_WARN_STRICT_PROTOTYPES = YES;
				CLANG_WARN_SUSPICIOUS_MOVE = YES;
				CLANG_WARN_UNGUARDED_AVAILABILITY = YES_AGGRESSIVE;
				CLANG_WARN_UNREACHABLE_CODE = YES;
				CLANG_WARN__DUPLICATE_METHOD_MATCH = YES;
				CODE_SIGN_IDENTITY = "iPhone Developer";
				COPY_PHASE_STRIP = NO;
				DEBUG_INFORMATION_FORMAT = "dwarf-with-dsym";
				ENABLE_NS_ASSERTIONS = NO;
				ENABLE_STRICT_OBJC_MSGSEND = YES;
				GCC_C_LANGUAGE_STANDARD = gnu11;
				GCC_NO_COMMON_BLOCKS = YES;
				GCC_WARN_64_TO_32_BIT_CONVERSION = YES;
				GCC_WARN_ABOUT_RETURN_TYPE = YES_ERROR;
				GCC_WARN_UNDECLARED_SELECTOR = YES;
				GCC_WARN_UNINITIALIZED_AUTOS = YES_AGGRESSIVE;
				GCC_WARN_UNUSED_FUNCTION = YES;
				GCC_WARN_UNUSED_VARIABLE = YES;
				IPHONEOS_DEPLOYMENT_TARGET = 11.2;
				MTL_ENABLE_DEBUG_INFO = NO;
				SDKROOT = iphoneos;
				VALIDATE_PRODUCT = YES;
			};
			name = Release;
		};
		6661B472200C962500D0D958 /* Debug */ = {
			isa = XCBuildConfiguration;
			baseConfigurationReference = E7853775D9DA09CEF6DBE3D1 /* Pods-RNtool.debug.xcconfig */;
			buildSettings = {
				ASSETCATALOG_COMPILER_APPICON_NAME = AppIcon;
				CODE_SIGN_STYLE = Automatic;
				DEVELOPMENT_TEAM = 37XKE4G644;
				INFOPLIST_FILE = RNtool/Info.plist;
				LD_RUNPATH_SEARCH_PATHS = "$(inherited) @executable_path/Frameworks";
				PRODUCT_BUNDLE_IDENTIFIER = changtian.RNtool;
				PRODUCT_NAME = "$(TARGET_NAME)";
				TARGETED_DEVICE_FAMILY = "1,2";
			};
			name = Debug;
		};
		6661B473200C962500D0D958 /* Release */ = {
			isa = XCBuildConfiguration;
			baseConfigurationReference = 22D73BD7D1D2A5516EFB7940 /* Pods-RNtool.release.xcconfig */;
			buildSettings = {
				ASSETCATALOG_COMPILER_APPICON_NAME = AppIcon;
				CODE_SIGN_STYLE = Automatic;
				DEVELOPMENT_TEAM = 37XKE4G644;
				INFOPLIST_FILE = RNtool/Info.plist;
				LD_RUNPATH_SEARCH_PATHS = "$(inherited) @executable_path/Frameworks";
				PRODUCT_BUNDLE_IDENTIFIER = changtian.RNtool;
				PRODUCT_NAME = "$(TARGET_NAME)";
				TARGETED_DEVICE_FAMILY = "1,2";
			};
			name = Release;
		};
		6661B475200C962500D0D958 /* Debug */ = {
			isa = XCBuildConfiguration;
			buildSettings = {
				BUNDLE_LOADER = "$(TEST_HOST)";
				CODE_SIGN_STYLE = Automatic;
				DEVELOPMENT_TEAM = 37XKE4G644;
				INFOPLIST_FILE = RNtoolTests/Info.plist;
				LD_RUNPATH_SEARCH_PATHS = "$(inherited) @executable_path/Frameworks @loader_path/Frameworks";
				PRODUCT_BUNDLE_IDENTIFIER = changtian.RNtoolTests;
				PRODUCT_NAME = "$(TARGET_NAME)";
				TARGETED_DEVICE_FAMILY = "1,2";
				TEST_HOST = "$(BUILT_PRODUCTS_DIR)/RNtool.app/RNtool";
			};
			name = Debug;
		};
		6661B476200C962500D0D958 /* Release */ = {
			isa = XCBuildConfiguration;
			buildSettings = {
				BUNDLE_LOADER = "$(TEST_HOST)";
				CODE_SIGN_STYLE = Automatic;
				DEVELOPMENT_TEAM = 37XKE4G644;
				INFOPLIST_FILE = RNtoolTests/Info.plist;
				LD_RUNPATH_SEARCH_PATHS = "$(inherited) @executable_path/Frameworks @loader_path/Frameworks";
				PRODUCT_BUNDLE_IDENTIFIER = changtian.RNtoolTests;
				PRODUCT_NAME = "$(TARGET_NAME)";
				TARGETED_DEVICE_FAMILY = "1,2";
				TEST_HOST = "$(BUILT_PRODUCTS_DIR)/RNtool.app/RNtool";
			};
			name = Release;
		};
		6661B478200C962500D0D958 /* Debug */ = {
			isa = XCBuildConfiguration;
			buildSettings = {
				CODE_SIGN_STYLE = Automatic;
				DEVELOPMENT_TEAM = 37XKE4G644;
				INFOPLIST_FILE = RNtoolUITests/Info.plist;
				LD_RUNPATH_SEARCH_PATHS = "$(inherited) @executable_path/Frameworks @loader_path/Frameworks";
				PRODUCT_BUNDLE_IDENTIFIER = changtian.RNtoolUITests;
				PRODUCT_NAME = "$(TARGET_NAME)";
				TARGETED_DEVICE_FAMILY = "1,2";
				TEST_TARGET_NAME = RNtool;
			};
			name = Debug;
		};
		6661B479200C962500D0D958 /* Release */ = {
			isa = XCBuildConfiguration;
			buildSettings = {
				CODE_SIGN_STYLE = Automatic;
				DEVELOPMENT_TEAM = 37XKE4G644;
				INFOPLIST_FILE = RNtoolUITests/Info.plist;
				LD_RUNPATH_SEARCH_PATHS = "$(inherited) @executable_path/Frameworks @loader_path/Frameworks";
				PRODUCT_BUNDLE_IDENTIFIER = changtian.RNtoolUITests;
				PRODUCT_NAME = "$(TARGET_NAME)";
				TARGETED_DEVICE_FAMILY = "1,2";
				TEST_TARGET_NAME = RNtool;
			};
			name = Release;
		};
/* End XCBuildConfiguration section */

/* Begin XCConfigurationList section */
		6661B440200C962500D0D958 /* Build configuration list for PBXProject "RNtool" */ = {
			isa = XCConfigurationList;
			buildConfigurations = (
				6661B46F200C962500D0D958 /* Debug */,
				6661B470200C962500D0D958 /* Release */,
			);
			defaultConfigurationIsVisible = 0;
			defaultConfigurationName = Release;
		};
		6661B471200C962500D0D958 /* Build configuration list for PBXNativeTarget "RNtool" */ = {
			isa = XCConfigurationList;
			buildConfigurations = (
				6661B472200C962500D0D958 /* Debug */,
				6661B473200C962500D0D958 /* Release */,
			);
			defaultConfigurationIsVisible = 0;
			defaultConfigurationName = Release;
		};
		6661B474200C962500D0D958 /* Build configuration list for PBXNativeTarget "RNtoolTests" */ = {
			isa = XCConfigurationList;
			buildConfigurations = (
				6661B475200C962500D0D958 /* Debug */,
				6661B476200C962500D0D958 /* Release */,
			);
			defaultConfigurationIsVisible = 0;
			defaultConfigurationName = Release;
		};
		6661B477200C962500D0D958 /* Build configuration list for PBXNativeTarget "RNtoolUITests" */ = {
			isa = XCConfigurationList;
			buildConfigurations = (
				6661B478200C962500D0D958 /* Debug */,
				6661B479200C962500D0D958 /* Release */,
			);
			defaultConfigurationIsVisible = 0;
			defaultConfigurationName = Release;
		};
/* End XCConfigurationList section */
	};
	rootObject = 6661B43D200C962500D0D958 /* Project object */;
}
